
Microsoft Visual Studio Solution File, Format Version 12.00
# Visual Studio Version 17
VisualStudioVersion = 17.2.32630.192
MinimumVisualStudioVersion = 10.0.40219.1
Project("{FAE04EC0-301F-11D3-BF4B-00C04F79EFBC}") = "Ex04.Menus.Test", "Ex04.Menus.Test\Ex04.Menus.Test.csproj", "{EDA4DD5C-C690-4CAD-8BD2-367200C52D54}"
EndProject
Project("{FAE04EC0-301F-11D3-BF4B-00C04F79EFBC}") = "Ex04.Menus.Interfaces", "Ex04.Menus.Interfaces\Ex04.Menus.Interfaces.csproj", "{C691FCD7-963C-4081-95FC-F85063415A7A}"
EndProject
Project("{FAE04EC0-301F-11D3-BF4B-00C04F79EFBC}") = "Ex04.Menus.Delegates", "Ex04.Menus.Delegates\Ex04.Menus.Delegates.csproj", "{1E48F14D-C154-46C0-8DB6-E475A05B3319}"
EndProject
Global
	GlobalSection(SolutionConfigurationPlatforms) = preSolution
		Debug|Any CPU = Debug|Any CPU
		Release|Any CPU = Release|Any CPU
	EndGlobalSection
	GlobalSection(ProjectConfigurationPlatforms) = postSolution
		{EDA4DD5C-C690-4CAD-8BD2-367200C52D54}.Debug|Any CPU.ActiveCfg = Debug|Any CPU
		{EDA4DD5C-C690-4CAD-8BD2-367200C52D54}.Debug|Any CPU.Build.0 = Debug|Any CPU
		{EDA4DD5C-C690-4CAD-8BD2-367200C52D54}.Release|Any CPU.ActiveCfg = Release|Any CPU
		{EDA4DD5C-C690-4CAD-8BD2-367200C52D54}.Release|Any CPU.Build.0 = Release|Any CPU
		{C691FCD7-963C-4081-95FC-F85063415A7A}.Debug|Any CPU.ActiveCfg = Debug|Any CPU
		{C691FCD7-963C-4081-95FC-F85063415A7A}.Debug|Any CPU.Build.0 = Debug|Any CPU
		{C691FCD7-963C-4081-95FC-F85063415A7A}.Release|Any CPU.ActiveCfg = Release|Any CPU
		{C691FCD7-963C-4081-95FC-F85063415A7A}.Release|Any CPU.Build.0 = Release|Any CPU
		{1E48F14D-C154-46C0-8DB6-E475A05B3319}.Debug|Any CPU.ActiveCfg = Debug|Any CPU
		{1E48F14D-C154-46C0-8DB6-E475A05B3319}.Debug|Any CPU.Build.0 = Debug|Any CPU
		{1E48F14D-C154-46C0-8DB6-E475A05B3319}.Release|Any CPU.ActiveCfg = Release|Any CPU
		{1E48F14D-C154-46C0-8DB6-E475A05B3319}.Release|Any CPU.Build.0 = Release|Any CPU
	EndGlobalSection
	GlobalSection(SolutionProperties) = preSolution
		HideSolutionNode = FALSE
	EndGlobalSection
	GlobalSection(ExtensibilityGlobals) = postSolution
		SolutionGuid = {F1F04EE7-D7C6-4023-9553-9C6C57F8DF32}
	EndGlobalSection
EndGlobal
